
Microsoft Visual Studio Solution File, Format Version 12.00
# Visual Studio Version 16
VisualStudioVersion = 16.0.31025.194
MinimumVisualStudioVersion = 10.0.40219.1
Project("{FAE04EC0-301F-11D3-BF4B-00C04F79EFBC}") = "OOP2", "OOP2\OOP2.csproj", "{71F3DF69-85E6-4D65-BFC0-CDA3FBD67AED}"
EndProject
Project("{FAE04EC0-301F-11D3-BF4B-00C04F79EFBC}") = "OOP3", "OOP3\OOP3.csproj", "{2FFAF563-0879-4B16-8F77-BCCADDC4B1FA}"
EndProject
Global
	GlobalSection(SolutionConfigurationPlatforms) = preSolution
		Debug|Any CPU = Debug|Any CPU
		Release|Any CPU = Release|Any CPU
	EndGlobalSection
	GlobalSection(ProjectConfigurationPlatforms) = postSolution
		{71F3DF69-85E6-4D65-BFC0-CDA3FBD67AED}.Debug|Any CPU.ActiveCfg = Debug|Any CPU
		{71F3DF69-85E6-4D65-BFC0-CDA3FBD67AED}.Debug|Any CPU.Build.0 = Debug|Any CPU
		{71F3DF69-85E6-4D65-BFC0-CDA3FBD67AED}.Release|Any CPU.ActiveCfg = Release|Any CPU
		{71F3DF69-85E6-4D65-BFC0-CDA3FBD67AED}.Release|Any CPU.Build.0 = Release|Any CPU
		{2FFAF563-0879-4B16-8F77-BCCADDC4B1FA}.Debug|Any CPU.ActiveCfg = Debug|Any CPU
		{2FFAF563-0879-4B16-8F77-BCCADDC4B1FA}.Debug|Any CPU.Build.0 = Debug|Any CPU
		{2FFAF563-0879-4B16-8F77-BCCADDC4B1FA}.Release|Any CPU.ActiveCfg = Release|Any CPU
		{2FFAF563-0879-4B16-8F77-BCCADDC4B1FA}.Release|Any CPU.Build.0 = Release|Any CPU
	EndGlobalSection
	GlobalSection(SolutionProperties) = preSolution
		HideSolutionNode = FALSE
	EndGlobalSection
	GlobalSection(ExtensibilityGlobals) = postSolution
		SolutionGuid = {EF9F2F35-1E65-4462-8EAB-BB30E51F9677}
	EndGlobalSection
EndGlobal
